
Microsoft Visual Studio Solution File, Format Version 12.00
# Visual Studio Version 16
VisualStudioVersion = 16.0.30204.135
MinimumVisualStudioVersion = 10.0.40219.1
Project("{FAE04EC0-301F-11D3-BF4B-00C04F79EFBC}") = "UCS_ProtsHistoryLoader", "UCS_ProtsHistoryLoader\UCS_ProtsHistoryLoader.csproj", "{3F84A3B1-E77B-49B2-B4B5-A5EBB122252F}"
EndProject
Global
	GlobalSection(SolutionConfigurationPlatforms) = preSolution
		Debug|Any CPU = Debug|Any CPU
		Release|Any CPU = Release|Any CPU
	EndGlobalSection
	GlobalSection(ProjectConfigurationPlatforms) = postSolution
		{3F84A3B1-E77B-49B2-B4B5-A5EBB122252F}.Debug|Any CPU.ActiveCfg = Debug|Any CPU
		{3F84A3B1-E77B-49B2-B4B5-A5EBB122252F}.Debug|Any CPU.Build.0 = Debug|Any CPU
		{3F84A3B1-E77B-49B2-B4B5-A5EBB122252F}.Release|Any CPU.ActiveCfg = Release|Any CPU
		{3F84A3B1-E77B-49B2-B4B5-A5EBB122252F}.Release|Any CPU.Build.0 = Release|Any CPU
	EndGlobalSection
	GlobalSection(SolutionProperties) = preSolution
		HideSolutionNode = FALSE
	EndGlobalSection
	GlobalSection(ExtensibilityGlobals) = postSolution
		SolutionGuid = {8D1EE408-403E-405B-8951-A8CFD91C2E92}
	EndGlobalSection
EndGlobal
